PODS:
  - Alamofire (4.5.0)
  - Cosmos (11.0.3)
  - GzipSwift (3.1.4)
  - IGIdenticon (0.4)
  - INSPhotoGallery (1.1.0)
  - JASON (3.1)

DEPENDENCIES:
  - Alamofire
  - Cosmos (~> 11.0)
  - GzipSwift
  - IGIdenticon
  - INSPhotoGallery
  - JASON

SPEC CHECKSUMS:
  Alamofire: f28cdffd29de33a7bfa022cbd63ae95a27fae140
  Cosmos: eb506859929f4add2d2aec822a27efb2f718a95d
  GzipSwift: 11ddb2bf253b1cd7b60bb169da20f62ac4348769
  IGIdenticon: f9bbe354e8a3583f71c391395689a03115fe58c4
  INSPhotoGallery: 81056815e82fb7ee6f271ca017db5985b4f96d0a
  JASON: c1204b01c9979eef35b6948ca939aac5e7bef081

PODFILE CHECKSUM: ee157bc217ab31cf10603f8d59f771307d257c7a

COCOAPODS: 1.2.1
