// !$*UTF8*$!
{
	archiveVersion = 1;
	classes = {
	};
	objectVersion = 46;
	objects = {

/* Begin PBXBuildFile section */
		9CC2B8011EEE407A0049E269 /* AppDelegate.swift in Sources */ = {isa = PBXBuildFile; fileRef = 9CC2B8001EEE407A0049E269 /* AppDelegate.swift */; };
		9CC2B8031EEE407A0049E269 /* ViewController.swift in Sources */ = {isa = PBXBuildFile; fileRef = 9CC2B8021EEE407A0049E269 /* ViewController.swift */; };
		9CC2B8061EEE407A0049E269 /* Main.storyboard in Resources */ = {isa = PBXBuildFile; fileRef = 9CC2B8041EEE407A0049E269 /* Main.storyboard */; };
		9CC2B8081EEE407A0049E269 /* Assets.xcassets in Resources */ = {isa = PBXBuildFile; fileRef = 9CC2B8071EEE407A0049E269 /* Assets.xcassets */; };
		9CC2B80B1EEE407A0049E269 /* LaunchScreen.storyboard in Resources */ = {isa = PBXBuildFile; fileRef = 9CC2B8091EEE407A0049E269 /* LaunchScreen.storyboard */; };
		9CC2B8161EEE407A0049E269 /* FindFoodFastTogetherTests.swift in Sources */ = {isa = PBXBuildFile; fileRef = 9CC2B8151EEE407A0049E269 /* FindFoodFastTogetherTests.swift */; };
		9CC2B8211EEE407A0049E269 /* FindFoodFastTogetherUITests.swift in Sources */ = {isa = PBXBuildFile; fileRef = 9CC2B8201EEE407A0049E269 /* FindFoodFastTogetherUITests.swift */; };
		9CC2B8301EF064A90049E269 /* BrowseHostCollectionViewController.swift in Sources */ = {isa = PBXBuildFile; fileRef = 9CC2B82F1EF064A90049E269 /* BrowseHostCollectionViewController.swift */; };
		9CC2B8331EF065DA0049E269 /* BrowseHostCollectionViewCell.swift in Sources */ = {isa = PBXBuildFile; fileRef = 9CC2B8321EF065DA0049E269 /* BrowseHostCollectionViewCell.swift */; };
		9CC2B8351EF0890F0049E269 /* BrowseHostViewController.swift in Sources */ = {isa = PBXBuildFile; fileRef = 9CC2B8341EF0890F0049E269 /* BrowseHostViewController.swift */; };
		9CC2B8381EF0D7380049E269 /* BrowseHostPeripheralManager.swift in Sources */ = {isa = PBXBuildFile; fileRef = 9CC2B8371EF0D7380049E269 /* BrowseHostPeripheralManager.swift */; };
		9CC2B83A1EF18A370049E269 /* HostViewController.swift in Sources */ = {isa = PBXBuildFile; fileRef = 9CC2B8391EF18A370049E269 /* HostViewController.swift */; };
		9CC2B83D1EF18CDE0049E269 /* Constants.swift in Sources */ = {isa = PBXBuildFile; fileRef = 9CC2B83C1EF18CDE0049E269 /* Constants.swift */; };
		9CC2B8421EF1E9580049E269 /* CBAdvertisementData+LightBlue.swift in Sources */ = {isa = PBXBuildFile; fileRef = 9CC2B83E1EF1E9580049E269 /* CBAdvertisementData+LightBlue.swift */; };
		9CC2B8431EF1E9580049E269 /* CBCharacteristic+LightBlue.swift in Sources */ = {isa = PBXBuildFile; fileRef = 9CC2B83F1EF1E9580049E269 /* CBCharacteristic+LightBlue.swift */; };
		9CC2B8441EF1E9580049E269 /* CBService+LightBlue.swift in Sources */ = {isa = PBXBuildFile; fileRef = 9CC2B8401EF1E9580049E269 /* CBService+LightBlue.swift */; };
		9CC2B8451EF1E9580049E269 /* CBUUID+LightBlue.swift in Sources */ = {isa = PBXBuildFile; fileRef = 9CC2B8411EF1E9580049E269 /* CBUUID+LightBlue.swift */; };
		9CC2B8491EF784F10049E269 /* StartViewController.swift in Sources */ = {isa = PBXBuildFile; fileRef = 9CC2B8481EF784F10049E269 /* StartViewController.swift */; };
/* End PBXBuildFile section */

/* Begin PBXContainerItemProxy section */
		9CC2B8121EEE407A0049E269 /* PBXContainerItemProxy */ = {
			isa = PBXContainerItemProxy;
			containerPortal = 9CC2B7F51EEE407A0049E269 /* Project object */;
			proxyType = 1;
			remoteGlobalIDString = 9CC2B7FC1EEE407A0049E269;
			remoteInfo = FindFoodFastTogether;
		};
		9CC2B81D1EEE407A0049E269 /* PBXContainerItemProxy */ = {
			isa = PBXContainerItemProxy;
			containerPortal = 9CC2B7F51EEE407A0049E269 /* Project object */;
			proxyType = 1;
			remoteGlobalIDString = 9CC2B7FC1EEE407A0049E269;
			remoteInfo = FindFoodFastTogether;
		};
/* End PBXContainerItemProxy section */

/* Begin PBXFileReference section */
		9CC2B7FD1EEE407A0049E269 /* FindFoodFastTogether.app */ = {isa = PBXFileReference; explicitFileType = wrapper.application; includeInIndex = 0; path = FindFoodFastTogether.app; sourceTree = BUILT_PRODUCTS_DIR; };
		9CC2B8001EEE407A0049E269 /* AppDelegate.swift */ = {isa = PBXFileReference; lastKnownFileType = sourcecode.swift; path = AppDelegate.swift; sourceTree = "<group>"; };
		9CC2B8021EEE407A0049E269 /* ViewController.swift */ = {isa = PBXFileReference; lastKnownFileType = sourcecode.swift; path = ViewController.swift; sourceTree = "<group>"; };
		9CC2B8051EEE407A0049E269 /* Base */ = {isa = PBXFileReference; lastKnownFileType = file.storyboard; name = Base; path = Base.lproj/Main.storyboard; sourceTree = "<group>"; };
		9CC2B8071EEE407A0049E269 /* Assets.xcassets */ = {isa = PBXFileReference; lastKnownFileType = folder.assetcatalog; path = Assets.xcassets; sourceTree = "<group>"; };
		9CC2B80A1EEE407A0049E269 /* Base */ = {isa = PBXFileReference; lastKnownFileType = file.storyboard; name = Base; path = Base.lproj/LaunchScreen.storyboard; sourceTree = "<group>"; };
		9CC2B80C1EEE407A0049E269 /* Info.plist */ = {isa = PBXFileReference; lastKnownFileType = text.plist.xml; path = Info.plist; sourceTree = "<group>"; };
		9CC2B8111EEE407A0049E269 /* FindFoodFastTogetherTests.xctest */ = {isa = PBXFileReference; explicitFileType = wrapper.cfbundle; includeInIndex = 0; path = FindFoodFastTogetherTests.xctest; sourceTree = BUILT_PRODUCTS_DIR; };
		9CC2B8151EEE407A0049E269 /* FindFoodFastTogetherTests.swift */ = {isa = PBXFileReference; lastKnownFileType = sourcecode.swift; path = FindFoodFastTogetherTests.swift; sourceTree = "<group>"; };
		9CC2B8171EEE407A0049E269 /* Info.plist */ = {isa = PBXFileReference; lastKnownFileType = text.plist.xml; path = Info.plist; sourceTree = "<group>"; };
		9CC2B81C1EEE407A0049E269 /* FindFoodFastTogetherUITests.xctest */ = {isa = PBXFileReference; explicitFileType = wrapper.cfbundle; includeInIndex = 0; path = FindFoodFastTogetherUITests.xctest; sourceTree = BUILT_PRODUCTS_DIR; };
		9CC2B8201EEE407A0049E269 /* FindFoodFastTogetherUITests.swift */ = {isa = PBXFileReference; lastKnownFileType = sourcecode.swift; path = FindFoodFastTogetherUITests.swift; sourceTree = "<group>"; };
		9CC2B8221EEE407A0049E269 /* Info.plist */ = {isa = PBXFileReference; lastKnownFileType = text.plist.xml; path = Info.plist; sourceTree = "<group>"; };
		9CC2B82F1EF064A90049E269 /* BrowseHostCollectionViewController.swift */ = {isa = PBXFileReference; fileEncoding = 4; lastKnownFileType = sourcecode.swift; name = BrowseHostCollectionViewController.swift; path = ViewControllers/BrowseHostCollectionViewController.swift; sourceTree = "<group>"; };
		9CC2B8321EF065DA0049E269 /* BrowseHostCollectionViewCell.swift */ = {isa = PBXFileReference; fileEncoding = 4; lastKnownFileType = sourcecode.swift; name = BrowseHostCollectionViewCell.swift; path = Views/BrowseHostCollectionViewCell.swift; sourceTree = "<group>"; };
		9CC2B8341EF0890F0049E269 /* BrowseHostViewController.swift */ = {isa = PBXFileReference; fileEncoding = 4; lastKnownFileType = sourcecode.swift; name = BrowseHostViewController.swift; path = ViewControllers/BrowseHostViewController.swift; sourceTree = "<group>"; };
		9CC2B8371EF0D7380049E269 /* BrowseHostPeripheralManager.swift */ = {isa = PBXFileReference; fileEncoding = 4; lastKnownFileType = sourcecode.swift; path = BrowseHostPeripheralManager.swift; sourceTree = "<group>"; };
		9CC2B8391EF18A370049E269 /* HostViewController.swift */ = {isa = PBXFileReference; fileEncoding = 4; lastKnownFileType = sourcecode.swift; name = HostViewController.swift; path = ViewControllers/HostViewController.swift; sourceTree = "<group>"; };
		9CC2B83C1EF18CDE0049E269 /* Constants.swift */ = {isa = PBXFileReference; fileEncoding = 4; lastKnownFileType = sourcecode.swift; name = Constants.swift; path = Helpers/Constants.swift; sourceTree = "<group>"; };
		9CC2B83E1EF1E9580049E269 /* CBAdvertisementData+LightBlue.swift */ = {isa = PBXFileReference; fileEncoding = 4; lastKnownFileType = sourcecode.swift; name = "CBAdvertisementData+LightBlue.swift"; path = "Helpers/CBAdvertisementData+LightBlue.swift"; sourceTree = "<group>"; };
		9CC2B83F1EF1E9580049E269 /* CBCharacteristic+LightBlue.swift */ = {isa = PBXFileReference; fileEncoding = 4; lastKnownFileType = sourcecode.swift; name = "CBCharacteristic+LightBlue.swift"; path = "Helpers/CBCharacteristic+LightBlue.swift"; sourceTree = "<group>"; };
		9CC2B8401EF1E9580049E269 /* CBService+LightBlue.swift */ = {isa = PBXFileReference; fileEncoding = 4; lastKnownFileType = sourcecode.swift; name = "CBService+LightBlue.swift"; path = "Helpers/CBService+LightBlue.swift"; sourceTree = "<group>"; };
		9CC2B8411EF1E9580049E269 /* CBUUID+LightBlue.swift */ = {isa = PBXFileReference; fileEncoding = 4; lastKnownFileType = sourcecode.swift; name = "CBUUID+LightBlue.swift"; path = "Helpers/CBUUID+LightBlue.swift"; sourceTree = "<group>"; };
		9CC2B8481EF784F10049E269 /* StartViewController.swift */ = {isa = PBXFileReference; fileEncoding = 4; lastKnownFileType = sourcecode.swift; name = StartViewController.swift; path = ViewControllers/StartViewController.swift; sourceTree = "<group>"; };
/* End PBXFileReference section */

/* Begin PBXFrameworksBuildPhase section */
		9CC2B7FA1EEE407A0049E269 /* Frameworks */ = {
			isa = PBXFrameworksBuildPhase;
			buildActionMask = 2147483647;
			files = (
			);
			runOnlyForDeploymentPostprocessing = 0;
		};
		9CC2B80E1EEE407A0049E269 /* Frameworks */ = {
			isa = PBXFrameworksBuildPhase;
			buildActionMask = 2147483647;
			files = (
			);
			runOnlyForDeploymentPostprocessing = 0;
		};
		9CC2B8191EEE407A0049E269 /* Frameworks */ = {
			isa = PBXFrameworksBuildPhase;
			buildActionMask = 2147483647;
			files = (
			);
			runOnlyForDeploymentPostprocessing = 0;
		};
/* End PBXFrameworksBuildPhase section */

/* Begin PBXGroup section */
		9CC2B7F41EEE407A0049E269 = {
			isa = PBXGroup;
			children = (
				9CC2B7FF1EEE407A0049E269 /* FindFoodFastTogether */,
				9CC2B8141EEE407A0049E269 /* FindFoodFastTogetherTests */,
				9CC2B81F1EEE407A0049E269 /* FindFoodFastTogetherUITests */,
				9CC2B7FE1EEE407A0049E269 /* Products */,
			);
			sourceTree = "<group>";
		};
		9CC2B7FE1EEE407A0049E269 /* Products */ = {
			isa = PBXGroup;
			children = (
				9CC2B7FD1EEE407A0049E269 /* FindFoodFastTogether.app */,
				9CC2B8111EEE407A0049E269 /* FindFoodFastTogetherTests.xctest */,
				9CC2B81C1EEE407A0049E269 /* FindFoodFastTogetherUITests.xctest */,
			);
			name = Products;
			sourceTree = "<group>";
		};
		9CC2B7FF1EEE407A0049E269 /* FindFoodFastTogether */ = {
			isa = PBXGroup;
			children = (
				9CC2B83B1EF18CC60049E269 /* Helpers */,
				9CC2B8361EF0D7010049E269 /* Managers */,
				9CC2B8311EF065C70049E269 /* Views */,
				9CC2B82E1EF064570049E269 /* ViewControllers */,
				9CC2B8001EEE407A0049E269 /* AppDelegate.swift */,
				9CC2B8021EEE407A0049E269 /* ViewController.swift */,
				9CC2B8041EEE407A0049E269 /* Main.storyboard */,
				9CC2B8071EEE407A0049E269 /* Assets.xcassets */,
				9CC2B8091EEE407A0049E269 /* LaunchScreen.storyboard */,
				9CC2B80C1EEE407A0049E269 /* Info.plist */,
			);
			path = FindFoodFastTogether;
			sourceTree = "<group>";
		};
		9CC2B8141EEE407A0049E269 /* FindFoodFastTogetherTests */ = {
			isa = PBXGroup;
			children = (
				9CC2B8151EEE407A0049E269 /* FindFoodFastTogetherTests.swift */,
				9CC2B8171EEE407A0049E269 /* Info.plist */,
			);
			path = FindFoodFastTogetherTests;
			sourceTree = "<group>";
		};
		9CC2B81F1EEE407A0049E269 /* FindFoodFastTogetherUITests */ = {
			isa = PBXGroup;
			children = (
				9CC2B8201EEE407A0049E269 /* FindFoodFastTogetherUITests.swift */,
				9CC2B8221EEE407A0049E269 /* Info.plist */,
			);
			path = FindFoodFastTogetherUITests;
			sourceTree = "<group>";
		};
		9CC2B82E1EF064570049E269 /* ViewControllers */ = {
			isa = PBXGroup;
			children = (
				9CC2B8481EF784F10049E269 /* StartViewController.swift */,
				9CC2B82F1EF064A90049E269 /* BrowseHostCollectionViewController.swift */,
				9CC2B8341EF0890F0049E269 /* BrowseHostViewController.swift */,
				9CC2B8391EF18A370049E269 /* HostViewController.swift */,
			);
			name = ViewControllers;
			sourceTree = "<group>";
		};
		9CC2B8311EF065C70049E269 /* Views */ = {
			isa = PBXGroup;
			children = (
				9CC2B8321EF065DA0049E269 /* BrowseHostCollectionViewCell.swift */,
			);
			name = Views;
			sourceTree = "<group>";
		};
		9CC2B8361EF0D7010049E269 /* Managers */ = {
			isa = PBXGroup;
			children = (
				9CC2B8371EF0D7380049E269 /* BrowseHostPeripheralManager.swift */,
			);
			name = Managers;
			sourceTree = "<group>";
		};
		9CC2B83B1EF18CC60049E269 /* Helpers */ = {
			isa = PBXGroup;
			children = (
				9CC2B83E1EF1E9580049E269 /* CBAdvertisementData+LightBlue.swift */,
				9CC2B83F1EF1E9580049E269 /* CBCharacteristic+LightBlue.swift */,
				9CC2B8401EF1E9580049E269 /* CBService+LightBlue.swift */,
				9CC2B8411EF1E9580049E269 /* CBUUID+LightBlue.swift */,
				9CC2B83C1EF18CDE0049E269 /* Constants.swift */,
			);
			name = Helpers;
			sourceTree = "<group>";
		};
/* End PBXGroup section */

/* Begin PBXNativeTarget section */
		9CC2B7FC1EEE407A0049E269 /* FindFoodFastTogether */ = {
			isa = PBXNativeTarget;
			buildConfigurationList = 9CC2B8251EEE407A0049E269 /* Build configuration list for PBXNativeTarget "FindFoodFastTogether" */;
			buildPhases = (
				9CC2B7F91EEE407A0049E269 /* Sources */,
				9CC2B7FA1EEE407A0049E269 /* Frameworks */,
				9CC2B7FB1EEE407A0049E269 /* Resources */,
			);
			buildRules = (
			);
			dependencies = (
			);
			name = FindFoodFastTogether;
			productName = FindFoodFastTogether;
			productReference = 9CC2B7FD1EEE407A0049E269 /* FindFoodFastTogether.app */;
			productType = "com.apple.product-type.application";
		};
		9CC2B8101EEE407A0049E269 /* FindFoodFastTogetherTests */ = {
			isa = PBXNativeTarget;
			buildConfigurationList = 9CC2B8281EEE407A0049E269 /* Build configuration list for PBXNativeTarget "FindFoodFastTogetherTests" */;
			buildPhases = (
				9CC2B80D1EEE407A0049E269 /* Sources */,
				9CC2B80E1EEE407A0049E269 /* Frameworks */,
				9CC2B80F1EEE407A0049E269 /* Resources */,
			);
			buildRules = (
			);
			dependencies = (
				9CC2B8131EEE407A0049E269 /* PBXTargetDependency */,
			);
			name = FindFoodFastTogetherTests;
			productName = FindFoodFastTogetherTests;
			productReference = 9CC2B8111EEE407A0049E269 /* FindFoodFastTogetherTests.xctest */;
			productType = "com.apple.product-type.bundle.unit-test";
		};
		9CC2B81B1EEE407A0049E269 /* FindFoodFastTogetherUITests */ = {
			isa = PBXNativeTarget;
			buildConfigurationList = 9CC2B82B1EEE407A0049E269 /* Build configuration list for PBXNativeTarget "FindFoodFastTogetherUITests" */;
			buildPhases = (
				9CC2B8181EEE407A0049E269 /* Sources */,
				9CC2B8191EEE407A0049E269 /* Frameworks */,
				9CC2B81A1EEE407A0049E269 /* Resources */,
			);
			buildRules = (
			);
			dependencies = (
				9CC2B81E1EEE407A0049E269 /* PBXTargetDependency */,
			);
			name = FindFoodFastTogetherUITests;
			productName = FindFoodFastTogetherUITests;
			productReference = 9CC2B81C1EEE407A0049E269 /* FindFoodFastTogetherUITests.xctest */;
			productType = "com.apple.product-type.bundle.ui-testing";
		};
/* End PBXNativeTarget section */

/* Begin PBXProject section */
		9CC2B7F51EEE407A0049E269 /* Project object */ = {
			isa = PBXProject;
			attributes = {
				LastSwiftUpdateCheck = 0830;
				LastUpgradeCheck = 0830;
				ORGANIZATIONNAME = "Raymond Kam";
				TargetAttributes = {
					9CC2B7FC1EEE407A0049E269 = {
						CreatedOnToolsVersion = 8.3.3;
						DevelopmentTeam = NT8RKCPT5K;
						ProvisioningStyle = Automatic;
						SystemCapabilities = {
							com.apple.BackgroundModes = {
								enabled = 1;
							};
						};
					};
					9CC2B8101EEE407A0049E269 = {
						CreatedOnToolsVersion = 8.3.3;
						DevelopmentTeam = NT8RKCPT5K;
						ProvisioningStyle = Automatic;
						TestTargetID = 9CC2B7FC1EEE407A0049E269;
					};
					9CC2B81B1EEE407A0049E269 = {
						CreatedOnToolsVersion = 8.3.3;
						DevelopmentTeam = NT8RKCPT5K;
						ProvisioningStyle = Automatic;
						TestTargetID = 9CC2B7FC1EEE407A0049E269;
					};
				};
			};
			buildConfigurationList = 9CC2B7F81EEE407A0049E269 /* Build configuration list for PBXProject "FindFoodFastTogether" */;
			compatibilityVersion = "Xcode 3.2";
			developmentRegion = English;
			hasScannedForEncodings = 0;
			knownRegions = (
				en,
				Base,
			);
			mainGroup = 9CC2B7F41EEE407A0049E269;
			productRefGroup = 9CC2B7FE1EEE407A0049E269 /* Products */;
			projectDirPath = "";
			projectRoot = "";
			targets = (
				9CC2B7FC1EEE407A0049E269 /* FindFoodFastTogether */,
				9CC2B8101EEE407A0049E269 /* FindFoodFastTogetherTests */,
				9CC2B81B1EEE407A0049E269 /* FindFoodFastTogetherUITests */,
			);
		};
/* End PBXProject section */

/* Begin PBXResourcesBuildPhase section */
		9CC2B7FB1EEE407A0049E269 /* Resources */ = {
			isa = PBXResourcesBuildPhase;
			buildActionMask = 2147483647;
			files = (
				9CC2B80B1EEE407A0049E269 /* LaunchScreen.storyboard in Resources */,
				9CC2B8081EEE407A0049E269 /* Assets.xcassets in Resources */,
				9CC2B8061EEE407A0049E269 /* Main.storyboard in Resources */,
			);
			runOnlyForDeploymentPostprocessing = 0;
		};
		9CC2B80F1EEE407A0049E269 /* Resources */ = {
			isa = PBXResourcesBuildPhase;
			buildActionMask = 2147483647;
			files = (
			);
			runOnlyForDeploymentPostprocessing = 0;
		};
		9CC2B81A1EEE407A0049E269 /* Resources */ = {
			isa = PBXResourcesBuildPhase;
			buildActionMask = 2147483647;
			files = (
			);
			runOnlyForDeploymentPostprocessing = 0;
		};
/* End PBXResourcesBuildPhase section */

/* Begin PBXSourcesBuildPhase section */
		9CC2B7F91EEE407A0049E269 /* Sources */ = {
			isa = PBXSourcesBuildPhase;
			buildActionMask = 2147483647;
			files = (
				9CC2B8421EF1E9580049E269 /* CBAdvertisementData+LightBlue.swift in Sources */,
				9CC2B8331EF065DA0049E269 /* BrowseHostCollectionViewCell.swift in Sources */,
				9CC2B8381EF0D7380049E269 /* BrowseHostPeripheralManager.swift in Sources */,
				9CC2B83A1EF18A370049E269 /* HostViewController.swift in Sources */,
				9CC2B8451EF1E9580049E269 /* CBUUID+LightBlue.swift in Sources */,
				9CC2B8431EF1E9580049E269 /* CBCharacteristic+LightBlue.swift in Sources */,
				9CC2B8351EF0890F0049E269 /* BrowseHostViewController.swift in Sources */,
				9CC2B8031EEE407A0049E269 /* ViewController.swift in Sources */,
				9CC2B8491EF784F10049E269 /* StartViewController.swift in Sources */,
				9CC2B8441EF1E9580049E269 /* CBService+LightBlue.swift in Sources */,
				9CC2B8011EEE407A0049E269 /* AppDelegate.swift in Sources */,
				9CC2B8301EF064A90049E269 /* BrowseHostCollectionViewController.swift in Sources */,
				9CC2B83D1EF18CDE0049E269 /* Constants.swift in Sources */,
			);
			runOnlyForDeploymentPostprocessing = 0;
		};
		9CC2B80D1EEE407A0049E269 /* Sources */ = {
			isa = PBXSourcesBuildPhase;
			buildActionMask = 2147483647;
			files = (
				9CC2B8161EEE407A0049E269 /* FindFoodFastTogetherTests.swift in Sources */,
			);
			runOnlyForDeploymentPostprocessing = 0;
		};
		9CC2B8181EEE407A0049E269 /* Sources */ = {
			isa = PBXSourcesBuildPhase;
			buildActionMask = 2147483647;
			files = (
				9CC2B8211EEE407A0049E269 /* FindFoodFastTogetherUITests.swift in Sources */,
			);
			runOnlyForDeploymentPostprocessing = 0;
		};
/* End PBXSourcesBuildPhase section */

/* Begin PBXTargetDependency section */
		9CC2B8131EEE407A0049E269 /* PBXTargetDependency */ = {
			isa = PBXTargetDependency;
			target = 9CC2B7FC1EEE407A0049E269 /* FindFoodFastTogether */;
			targetProxy = 9CC2B8121EEE407A0049E269 /* PBXContainerItemProxy */;
		};
		9CC2B81E1EEE407A0049E269 /* PBXTargetDependency */ = {
			isa = PBXTargetDependency;
			target = 9CC2B7FC1EEE407A0049E269 /* FindFoodFastTogether */;
			targetProxy = 9CC2B81D1EEE407A0049E269 /* PBXContainerItemProxy */;
		};
/* End PBXTargetDependency section */

/* Begin PBXVariantGroup section */
		9CC2B8041EEE407A0049E269 /* Main.storyboard */ = {
			isa = PBXVariantGroup;
			children = (
				9CC2B8051EEE407A0049E269 /* Base */,
			);
			name = Main.storyboard;
			sourceTree = "<group>";
		};
		9CC2B8091EEE407A0049E269 /* LaunchScreen.storyboard */ = {
			isa = PBXVariantGroup;
			children = (
				9CC2B80A1EEE407A0049E269 /* Base */,
			);
			name = LaunchScreen.storyboard;
			sourceTree = "<group>";
		};
/* End PBXVariantGroup section */

/* Begin XCBuildConfiguration section */
		9CC2B8231EEE407A0049E269 /* Debug */ = {
			isa = XCBuildConfiguration;
			buildSettings = {
				ALWAYS_SEARCH_USER_PATHS = NO;
				CLANG_ANALYZER_NONNULL = YES;
				CLANG_ANALYZER_NUMBER_OBJECT_CONVERSION = YES_AGGRESSIVE;
				CLANG_CXX_LANGUAGE_STANDARD = "gnu++0x";
				CLANG_CXX_LIBRARY = "libc++";
				CLANG_ENABLE_MODULES = YES;
				CLANG_ENABLE_OBJC_ARC = YES;
				CLANG_WARN_BOOL_CONVERSION = YES;
				CLANG_WARN_CONSTANT_CONVERSION = YES;
				CLANG_WARN_DIRECT_OBJC_ISA_USAGE = YES_ERROR;
				CLANG_WARN_DOCUMENTATION_COMMENTS = YES;
				CLANG_WARN_EMPTY_BODY = YES;
				CLANG_WARN_ENUM_CONVERSION = YES;
				CLANG_WARN_INFINITE_RECURSION = YES;
				CLANG_WARN_INT_CONVERSION = YES;
				CLANG_WARN_OBJC_ROOT_CLASS = YES_ERROR;
				CLANG_WARN_SUSPICIOUS_MOVE = YES;
				CLANG_WARN_UNREACHABLE_CODE = YES;
				CLANG_WARN__DUPLICATE_METHOD_MATCH = YES;
				"CODE_SIGN_IDENTITY[sdk=iphoneos*]" = "iPhone Developer";
				COPY_PHASE_STRIP = NO;
				DEBUG_INFORMATION_FORMAT = dwarf;
				ENABLE_STRICT_OBJC_MSGSEND = YES;
				ENABLE_TESTABILITY = YES;
				GCC_C_LANGUAGE_STANDARD = gnu99;
				GCC_DYNAMIC_NO_PIC = NO;
				GCC_NO_COMMON_BLOCKS = YES;
				GCC_OPTIMIZATION_LEVEL = 0;
				GCC_PREPROCESSOR_DEFINITIONS = (
					"DEBUG=1",
					"$(inherited)",
				);
				GCC_WARN_64_TO_32_BIT_CONVERSION = YES;
				GCC_WARN_ABOUT_RETURN_TYPE = YES_ERROR;
				GCC_WARN_UNDECLARED_SELECTOR = YES;
				GCC_WARN_UNINITIALIZED_AUTOS = YES_AGGRESSIVE;
				GCC_WARN_UNUSED_FUNCTION = YES;
				GCC_WARN_UNUSED_VARIABLE = YES;
				IPHONEOS_DEPLOYMENT_TARGET = 10.3;
				MTL_ENABLE_DEBUG_INFO = YES;
				ONLY_ACTIVE_ARCH = YES;
				SDKROOT = iphoneos;
				SWIFT_ACTIVE_COMPILATION_CONDITIONS = DEBUG;
				SWIFT_OPTIMIZATION_LEVEL = "-Onone";
				TARGETED_DEVICE_FAMILY = "1,2";
			};
			name = Debug;
		};
		9CC2B8241EEE407A0049E269 /* Release */ = {
			isa = XCBuildConfiguration;
			buildSettings = {
				ALWAYS_SEARCH_USER_PATHS = NO;
				CLANG_ANALYZER_NONNULL = YES;
				CLANG_ANALYZER_NUMBER_OBJECT_CONVERSION = YES_AGGRESSIVE;
				CLANG_CXX_LANGUAGE_STANDARD = "gnu++0x";
				CLANG_CXX_LIBRARY = "libc++";
				CLANG_ENABLE_MODULES = YES;
				CLANG_ENABLE_OBJC_ARC = YES;
				CLANG_WARN_BOOL_CONVERSION = YES;
				CLANG_WARN_CONSTANT_CONVERSION = YES;
				CLANG_WARN_DIRECT_OBJC_ISA_USAGE = YES_ERROR;
				CLANG_WARN_DOCUMENTATION_COMMENTS = YES;
				CLANG_WARN_EMPTY_BODY = YES;
				CLANG_WARN_ENUM_CONVERSION = YES;
				CLANG_WARN_INFINITE_RECURSION = YES;
				CLANG_WARN_INT_CONVERSION = YES;
				CLANG_WARN_OBJC_ROOT_CLASS = YES_ERROR;
				CLANG_WARN_SUSPICIOUS_MOVE = YES;
				CLANG_WARN_UNREACHABLE_CODE = YES;
				CLANG_WARN__DUPLICATE_METHOD_MATCH = YES;
				"CODE_SIGN_IDENTITY[sdk=iphoneos*]" = "iPhone Developer";
				COPY_PHASE_STRIP = NO;
				DEBUG_INFORMATION_FORMAT = "dwarf-with-dsym";
				ENABLE_NS_ASSERTIONS = NO;
				ENABLE_STRICT_OBJC_MSGSEND = YES;
				GCC_C_LANGUAGE_STANDARD = gnu99;
				GCC_NO_COMMON_BLOCKS = YES;
				GCC_WARN_64_TO_32_BIT_CONVERSION = YES;
				GCC_WARN_ABOUT_RETURN_TYPE = YES_ERROR;
				GCC_WARN_UNDECLARED_SELECTOR = YES;
				GCC_WARN_UNINITIALIZED_AUTOS = YES_AGGRESSIVE;
				GCC_WARN_UNUSED_FUNCTION = YES;
				GCC_WARN_UNUSED_VARIABLE = YES;
				IPHONEOS_DEPLOYMENT_TARGET = 10.3;
				MTL_ENABLE_DEBUG_INFO = NO;
				SDKROOT = iphoneos;
				SWIFT_OPTIMIZATION_LEVEL = "-Owholemodule";
				TARGETED_DEVICE_FAMILY = "1,2";
				VALIDATE_PRODUCT = YES;
			};
			name = Release;
		};
		9CC2B8261EEE407A0049E269 /* Debug */ = {
			isa = XCBuildConfiguration;
			buildSettings = {
				ASSETCATALOG_COMPILER_APPICON_NAME = AppIcon;
				DEVELOPMENT_TEAM = NT8RKCPT5K;
				INFOPLIST_FILE = FindFoodFastTogether/Info.plist;
				LD_RUNPATH_SEARCH_PATHS = "$(inherited) @executable_path/Frameworks";
				PRODUCT_BUNDLE_IDENTIFIER = com.raymondkam.FindFoodFastTogether;
				PRODUCT_NAME = "$(TARGET_NAME)";
				SWIFT_VERSION = 3.0;
			};
			name = Debug;
		};
		9CC2B8271EEE407A0049E269 /* Release */ = {
			isa = XCBuildConfiguration;
			buildSettings = {
				ASSETCATALOG_COMPILER_APPICON_NAME = AppIcon;
				DEVELOPMENT_TEAM = NT8RKCPT5K;
				INFOPLIST_FILE = FindFoodFastTogether/Info.plist;
				LD_RUNPATH_SEARCH_PATHS = "$(inherited) @executable_path/Frameworks";
				PRODUCT_BUNDLE_IDENTIFIER = com.raymondkam.FindFoodFastTogether;
				PRODUCT_NAME = "$(TARGET_NAME)";
				SWIFT_VERSION = 3.0;
			};
			name = Release;
		};
		9CC2B8291EEE407A0049E269 /* Debug */ = {
			isa = XCBuildConfiguration;
			buildSettings = {
				ALWAYS_EMBED_SWIFT_STANDARD_LIBRARIES = YES;
				BUNDLE_LOADER = "$(TEST_HOST)";
				DEVELOPMENT_TEAM = NT8RKCPT5K;
				INFOPLIST_FILE = FindFoodFastTogetherTests/Info.plist;
				LD_RUNPATH_SEARCH_PATHS = "$(inherited) @executable_path/Frameworks @loader_path/Frameworks";
				PRODUCT_BUNDLE_IDENTIFIER = com.raymondkam.FindFoodFastTogetherTests;
				PRODUCT_NAME = "$(TARGET_NAME)";
				SWIFT_VERSION = 3.0;
				TEST_HOST = "$(BUILT_PRODUCTS_DIR)/FindFoodFastTogether.app/FindFoodFastTogether";
			};
			name = Debug;
		};
		9CC2B82A1EEE407A0049E269 /* Release */ = {
			isa = XCBuildConfiguration;
			buildSettings = {
				ALWAYS_EMBED_SWIFT_STANDARD_LIBRARIES = YES;
				BUNDLE_LOADER = "$(TEST_HOST)";
				DEVELOPMENT_TEAM = NT8RKCPT5K;
				INFOPLIST_FILE = FindFoodFastTogetherTests/Info.plist;
				LD_RUNPATH_SEARCH_PATHS = "$(inherited) @executable_path/Frameworks @loader_path/Frameworks";
				PRODUCT_BUNDLE_IDENTIFIER = com.raymondkam.FindFoodFastTogetherTests;
				PRODUCT_NAME = "$(TARGET_NAME)";
				SWIFT_VERSION = 3.0;
				TEST_HOST = "$(BUILT_PRODUCTS_DIR)/FindFoodFastTogether.app/FindFoodFastTogether";
			};
			name = Release;
		};
		9CC2B82C1EEE407A0049E269 /* Debug */ = {
			isa = XCBuildConfiguration;
			buildSettings = {
				ALWAYS_EMBED_SWIFT_STANDARD_LIBRARIES = YES;
				DEVELOPMENT_TEAM = NT8RKCPT5K;
				INFOPLIST_FILE = FindFoodFastTogetherUITests/Info.plist;
				LD_RUNPATH_SEARCH_PATHS = "$(inherited) @executable_path/Frameworks @loader_path/Frameworks";
				PRODUCT_BUNDLE_IDENTIFIER = com.raymondkam.FindFoodFastTogetherUITests;
				PRODUCT_NAME = "$(TARGET_NAME)";
				SWIFT_VERSION = 3.0;
				TEST_TARGET_NAME = FindFoodFastTogether;
			};
			name = Debug;
		};
		9CC2B82D1EEE407A0049E269 /* Release */ = {
			isa = XCBuildConfiguration;
			buildSettings = {
				ALWAYS_EMBED_SWIFT_STANDARD_LIBRARIES = YES;
				DEVELOPMENT_TEAM = NT8RKCPT5K;
				INFOPLIST_FILE = FindFoodFastTogetherUITests/Info.plist;
				LD_RUNPATH_SEARCH_PATHS = "$(inherited) @executable_path/Frameworks @loader_path/Frameworks";
				PRODUCT_BUNDLE_IDENTIFIER = com.raymondkam.FindFoodFastTogetherUITests;
				PRODUCT_NAME = "$(TARGET_NAME)";
				SWIFT_VERSION = 3.0;
				TEST_TARGET_NAME = FindFoodFastTogether;
			};
			name = Release;
		};
/* End XCBuildConfiguration section */

/* Begin XCConfigurationList section */
		9CC2B7F81EEE407A0049E269 /* Build configuration list for PBXProject "FindFoodFastTogether" */ = {
			isa = XCConfigurationList;
			buildConfigurations = (
				9CC2B8231EEE407A0049E269 /* Debug */,
				9CC2B8241EEE407A0049E269 /* Release */,
			);
			defaultConfigurationIsVisible = 0;
			defaultConfigurationName = Release;
		};
		9CC2B8251EEE407A0049E269 /* Build configuration list for PBXNativeTarget "FindFoodFastTogether" */ = {
			isa = XCConfigurationList;
			buildConfigurations = (
				9CC2B8261EEE407A0049E269 /* Debug */,
				9CC2B8271EEE407A0049E269 /* Release */,
			);
			defaultConfigurationIsVisible = 0;
		};
		9CC2B8281EEE407A0049E269 /* Build configuration list for PBXNativeTarget "FindFoodFastTogetherTests" */ = {
			isa = XCConfigurationList;
			buildConfigurations = (
				9CC2B8291EEE407A0049E269 /* Debug */,
				9CC2B82A1EEE407A0049E269 /* Release */,
			);
			defaultConfigurationIsVisible = 0;
		};
		9CC2B82B1EEE407A0049E269 /* Build configuration list for PBXNativeTarget "FindFoodFastTogetherUITests" */ = {
			isa = XCConfigurationList;
			buildConfigurations = (
				9CC2B82C1EEE407A0049E269 /* Debug */,
				9CC2B82D1EEE407A0049E269 /* Release */,
			);
			defaultConfigurationIsVisible = 0;
		};
/* End XCConfigurationList section */
	};
	rootObject = 9CC2B7F51EEE407A0049E269 /* Project object */;
}
