// !$*UTF8*$!
{
	archiveVersion = 1;
	classes = {
	};
	objectVersion = 46;
	objects = {

/* Begin PBXBuildFile section */
		6DDE0F95F2CCFA752E21E822 /* Pods_FindFoodFastTogether.framework in Frameworks */ = {isa = PBXBuildFile; fileRef = 5A20B9BBA240F833C759749B /* Pods_FindFoodFastTogether.framework */; };
		9C3A25A41F1698E100B329A3 /* VoteViewController.swift in Sources */ = {isa = PBXBuildFile; fileRef = 9C3A25A31F1698E100B329A3 /* VoteViewController.swift */; };
		9C7ACD981F104C940086157E /* Suggestion.swift in Sources */ = {isa = PBXBuildFile; fileRef = 9C7ACD971F104C940086157E /* Suggestion.swift */; };
		9C7ACD9A1F104E260086157E /* SuggestionCollectionViewCell.swift in Sources */ = {isa = PBXBuildFile; fileRef = 9C7ACD991F104E260086157E /* SuggestionCollectionViewCell.swift */; };
		9C7ACD9C1F106F990086157E /* AddSuggestionViewController.swift in Sources */ = {isa = PBXBuildFile; fileRef = 9C7ACD9B1F106F990086157E /* AddSuggestionViewController.swift */; };
		9CA76E5D1F1E778300208BB3 /* VoteCollectionViewCell.swift in Sources */ = {isa = PBXBuildFile; fileRef = 9CA76E5C1F1E778300208BB3 /* VoteCollectionViewCell.swift */; };
		9CB181021EFAC7A40085517A /* BluetoothCentralManager.swift in Sources */ = {isa = PBXBuildFile; fileRef = 9CB181011EFAC7A40085517A /* BluetoothCentralManager.swift */; };
		9CC2B8011EEE407A0049E269 /* AppDelegate.swift in Sources */ = {isa = PBXBuildFile; fileRef = 9CC2B8001EEE407A0049E269 /* AppDelegate.swift */; };
		9CC2B8031EEE407A0049E269 /* ViewController.swift in Sources */ = {isa = PBXBuildFile; fileRef = 9CC2B8021EEE407A0049E269 /* ViewController.swift */; };
		9CC2B8061EEE407A0049E269 /* Main.storyboard in Resources */ = {isa = PBXBuildFile; fileRef = 9CC2B8041EEE407A0049E269 /* Main.storyboard */; };
		9CC2B8081EEE407A0049E269 /* Assets.xcassets in Resources */ = {isa = PBXBuildFile; fileRef = 9CC2B8071EEE407A0049E269 /* Assets.xcassets */; };
		9CC2B80B1EEE407A0049E269 /* LaunchScreen.storyboard in Resources */ = {isa = PBXBuildFile; fileRef = 9CC2B8091EEE407A0049E269 /* LaunchScreen.storyboard */; };
		9CC2B8161EEE407A0049E269 /* FindFoodFastTogetherTests.swift in Sources */ = {isa = PBXBuildFile; fileRef = 9CC2B8151EEE407A0049E269 /* FindFoodFastTogetherTests.swift */; };
		9CC2B8211EEE407A0049E269 /* FindFoodFastTogetherUITests.swift in Sources */ = {isa = PBXBuildFile; fileRef = 9CC2B8201EEE407A0049E269 /* FindFoodFastTogetherUITests.swift */; };
		9CC2B8301EF064A90049E269 /* BrowseHostCollectionViewController.swift in Sources */ = {isa = PBXBuildFile; fileRef = 9CC2B82F1EF064A90049E269 /* BrowseHostCollectionViewController.swift */; };
		9CC2B8331EF065DA0049E269 /* BrowseHostCollectionViewCell.swift in Sources */ = {isa = PBXBuildFile; fileRef = 9CC2B8321EF065DA0049E269 /* BrowseHostCollectionViewCell.swift */; };
		9CC2B8351EF0890F0049E269 /* BrowseHostViewController.swift in Sources */ = {isa = PBXBuildFile; fileRef = 9CC2B8341EF0890F0049E269 /* BrowseHostViewController.swift */; };
		9CC2B83A1EF18A370049E269 /* HostViewController.swift in Sources */ = {isa = PBXBuildFile; fileRef = 9CC2B8391EF18A370049E269 /* HostViewController.swift */; };
		9CC2B83D1EF18CDE0049E269 /* Constants.swift in Sources */ = {isa = PBXBuildFile; fileRef = 9CC2B83C1EF18CDE0049E269 /* Constants.swift */; };
		9CC2B8491EF784F10049E269 /* StartViewController.swift in Sources */ = {isa = PBXBuildFile; fileRef = 9CC2B8481EF784F10049E269 /* StartViewController.swift */; };
		9CC2B84B1EF8DEB00049E269 /* CreateHostViewController.swift in Sources */ = {isa = PBXBuildFile; fileRef = 9CC2B84A1EF8DEB00049E269 /* CreateHostViewController.swift */; };
		9CF38B921EFCD12900A736B0 /* UIView+Helpers.swift in Sources */ = {isa = PBXBuildFile; fileRef = 9CF38B911EFCD12900A736B0 /* UIView+Helpers.swift */; };
		9CF38B951F00736B00A736B0 /* Host.swift in Sources */ = {isa = PBXBuildFile; fileRef = 9CF38B941F00736B00A736B0 /* Host.swift */; };
		9CF38B971F02F54C00A736B0 /* BluetoothPeripheralManager.swift in Sources */ = {isa = PBXBuildFile; fileRef = 9CF38B961F02F54C00A736B0 /* BluetoothPeripheralManager.swift */; };
		9CF38B9B1F05AF4300A736B0 /* SuggestionCollectionViewController.swift in Sources */ = {isa = PBXBuildFile; fileRef = 9CF38B9A1F05AF4300A736B0 /* SuggestionCollectionViewController.swift */; };
		9CF38B9D1F05B47E00A736B0 /* UserCollectionViewController.swift in Sources */ = {isa = PBXBuildFile; fileRef = 9CF38B9C1F05B47E00A736B0 /* UserCollectionViewController.swift */; };
		9CF38B9F1F06A70D00A736B0 /* User.swift in Sources */ = {isa = PBXBuildFile; fileRef = 9CF38B9E1F06A70D00A736B0 /* User.swift */; };
		AEBD365121791492223A0DB7 /* Pods_FindFoodFastTogetherUITests.framework in Frameworks */ = {isa = PBXBuildFile; fileRef = 94A00FFB1968F0ED5309F8C8 /* Pods_FindFoodFastTogetherUITests.framework */; };
		FBF7B9FDB5FB439886AD711E /* Pods_FindFoodFastTogetherTests.framework in Frameworks */ = {isa = PBXBuildFile; fileRef = 31729EDD80E643AFB6FAEF2C /* Pods_FindFoodFastTogetherTests.framework */; };
/* End PBXBuildFile section */

/* Begin PBXContainerItemProxy section */
		9CC2B8121EEE407A0049E269 /* PBXContainerItemProxy */ = {
			isa = PBXContainerItemProxy;
			containerPortal = 9CC2B7F51EEE407A0049E269 /* Project object */;
			proxyType = 1;
			remoteGlobalIDString = 9CC2B7FC1EEE407A0049E269;
			remoteInfo = FindFoodFastTogether;
		};
		9CC2B81D1EEE407A0049E269 /* PBXContainerItemProxy */ = {
			isa = PBXContainerItemProxy;
			containerPortal = 9CC2B7F51EEE407A0049E269 /* Project object */;
			proxyType = 1;
			remoteGlobalIDString = 9CC2B7FC1EEE407A0049E269;
			remoteInfo = FindFoodFastTogether;
		};
/* End PBXContainerItemProxy section */

/* Begin PBXFileReference section */
		23949DB71DD9691B5C600D14 /* Pods-FindFoodFastTogetherUITests.release.xcconfig */ = {isa = PBXFileReference; includeInIndex = 1; lastKnownFileType = text.xcconfig; name = "Pods-FindFoodFastTogetherUITests.release.xcconfig"; path = "Pods/Target Support Files/Pods-FindFoodFastTogetherUITests/Pods-FindFoodFastTogetherUITests.release.xcconfig"; sourceTree = "<group>"; };
		31729EDD80E643AFB6FAEF2C /* Pods_FindFoodFastTogetherTests.framework */ = {isa = PBXFileReference; explicitFileType = wrapper.framework; includeInIndex = 0; path = Pods_FindFoodFastTogetherTests.framework; sourceTree = BUILT_PRODUCTS_DIR; };
		5A20B9BBA240F833C759749B /* Pods_FindFoodFastTogether.framework */ = {isa = PBXFileReference; explicitFileType = wrapper.framework; includeInIndex = 0; path = Pods_FindFoodFastTogether.framework; sourceTree = BUILT_PRODUCTS_DIR; };
		5A8B1D978F68B049796F0F12 /* Pods-FindFoodFastTogether.release.xcconfig */ = {isa = PBXFileReference; includeInIndex = 1; lastKnownFileType = text.xcconfig; name = "Pods-FindFoodFastTogether.release.xcconfig"; path = "Pods/Target Support Files/Pods-FindFoodFastTogether/Pods-FindFoodFastTogether.release.xcconfig"; sourceTree = "<group>"; };
		75D7B7D1DB6DCB8F8E1BFBCB /* Pods-FindFoodFastTogetherUITests.debug.xcconfig */ = {isa = PBXFileReference; includeInIndex = 1; lastKnownFileType = text.xcconfig; name = "Pods-FindFoodFastTogetherUITests.debug.xcconfig"; path = "Pods/Target Support Files/Pods-FindFoodFastTogetherUITests/Pods-FindFoodFastTogetherUITests.debug.xcconfig"; sourceTree = "<group>"; };
		767810F573EF7D74B8F37EB7 /* Pods-FindFoodFastTogether.debug.xcconfig */ = {isa = PBXFileReference; includeInIndex = 1; lastKnownFileType = text.xcconfig; name = "Pods-FindFoodFastTogether.debug.xcconfig"; path = "Pods/Target Support Files/Pods-FindFoodFastTogether/Pods-FindFoodFastTogether.debug.xcconfig"; sourceTree = "<group>"; };
		94A00FFB1968F0ED5309F8C8 /* Pods_FindFoodFastTogetherUITests.framework */ = {isa = PBXFileReference; explicitFileType = wrapper.framework; includeInIndex = 0; path = Pods_FindFoodFastTogetherUITests.framework; sourceTree = BUILT_PRODUCTS_DIR; };
		9C3A25A31F1698E100B329A3 /* VoteViewController.swift */ = {isa = PBXFileReference; fileEncoding = 4; lastKnownFileType = sourcecode.swift; name = VoteViewController.swift; path = ViewControllers/VoteViewController.swift; sourceTree = "<group>"; };
		9C7ACD971F104C940086157E /* Suggestion.swift */ = {isa = PBXFileReference; fileEncoding = 4; lastKnownFileType = sourcecode.swift; path = Suggestion.swift; sourceTree = "<group>"; };
		9C7ACD991F104E260086157E /* SuggestionCollectionViewCell.swift */ = {isa = PBXFileReference; fileEncoding = 4; lastKnownFileType = sourcecode.swift; name = SuggestionCollectionViewCell.swift; path = Views/SuggestionCollectionViewCell.swift; sourceTree = "<group>"; };
		9C7ACD9B1F106F990086157E /* AddSuggestionViewController.swift */ = {isa = PBXFileReference; fileEncoding = 4; lastKnownFileType = sourcecode.swift; name = AddSuggestionViewController.swift; path = ViewControllers/AddSuggestionViewController.swift; sourceTree = "<group>"; };
		9C8177201C3FA285B77819D3 /* Pods-FindFoodFastTogetherTests.release.xcconfig */ = {isa = PBXFileReference; includeInIndex = 1; lastKnownFileType = text.xcconfig; name = "Pods-FindFoodFastTogetherTests.release.xcconfig"; path = "Pods/Target Support Files/Pods-FindFoodFastTogetherTests/Pods-FindFoodFastTogetherTests.release.xcconfig"; sourceTree = "<group>"; };
		9CA76E5C1F1E778300208BB3 /* VoteCollectionViewCell.swift */ = {isa = PBXFileReference; fileEncoding = 4; lastKnownFileType = sourcecode.swift; name = VoteCollectionViewCell.swift; path = Views/VoteCollectionViewCell.swift; sourceTree = "<group>"; };
		9CB181011EFAC7A40085517A /* BluetoothCentralManager.swift */ = {isa = PBXFileReference; fileEncoding = 4; lastKnownFileType = sourcecode.swift; name = BluetoothCentralManager.swift; path = Managers/BluetoothCentralManager.swift; sourceTree = "<group>"; };
		9CC2B7FD1EEE407A0049E269 /* FindFoodFastTogether.app */ = {isa = PBXFileReference; explicitFileType = wrapper.application; includeInIndex = 0; path = FindFoodFastTogether.app; sourceTree = BUILT_PRODUCTS_DIR; };
		9CC2B8001EEE407A0049E269 /* AppDelegate.swift */ = {isa = PBXFileReference; lastKnownFileType = sourcecode.swift; path = AppDelegate.swift; sourceTree = "<group>"; };
		9CC2B8021EEE407A0049E269 /* ViewController.swift */ = {isa = PBXFileReference; lastKnownFileType = sourcecode.swift; path = ViewController.swift; sourceTree = "<group>"; };
		9CC2B8051EEE407A0049E269 /* Base */ = {isa = PBXFileReference; lastKnownFileType = file.storyboard; name = Base; path = Base.lproj/Main.storyboard; sourceTree = "<group>"; };
		9CC2B8071EEE407A0049E269 /* Assets.xcassets */ = {isa = PBXFileReference; lastKnownFileType = folder.assetcatalog; path = Assets.xcassets; sourceTree = "<group>"; };
		9CC2B80A1EEE407A0049E269 /* Base */ = {isa = PBXFileReference; lastKnownFileType = file.storyboard; name = Base; path = Base.lproj/LaunchScreen.storyboard; sourceTree = "<group>"; };
		9CC2B80C1EEE407A0049E269 /* Info.plist */ = {isa = PBXFileReference; lastKnownFileType = text.plist.xml; path = Info.plist; sourceTree = "<group>"; };
		9CC2B8111EEE407A0049E269 /* FindFoodFastTogetherTests.xctest */ = {isa = PBXFileReference; explicitFileType = wrapper.cfbundle; includeInIndex = 0; path = FindFoodFastTogetherTests.xctest; sourceTree = BUILT_PRODUCTS_DIR; };
		9CC2B8151EEE407A0049E269 /* FindFoodFastTogetherTests.swift */ = {isa = PBXFileReference; lastKnownFileType = sourcecode.swift; path = FindFoodFastTogetherTests.swift; sourceTree = "<group>"; };
		9CC2B8171EEE407A0049E269 /* Info.plist */ = {isa = PBXFileReference; lastKnownFileType = text.plist.xml; path = Info.plist; sourceTree = "<group>"; };
		9CC2B81C1EEE407A0049E269 /* FindFoodFastTogetherUITests.xctest */ = {isa = PBXFileReference; explicitFileType = wrapper.cfbundle; includeInIndex = 0; path = FindFoodFastTogetherUITests.xctest; sourceTree = BUILT_PRODUCTS_DIR; };
		9CC2B8201EEE407A0049E269 /* FindFoodFastTogetherUITests.swift */ = {isa = PBXFileReference; lastKnownFileType = sourcecode.swift; path = FindFoodFastTogetherUITests.swift; sourceTree = "<group>"; };
		9CC2B8221EEE407A0049E269 /* Info.plist */ = {isa = PBXFileReference; lastKnownFileType = text.plist.xml; path = Info.plist; sourceTree = "<group>"; };
		9CC2B82F1EF064A90049E269 /* BrowseHostCollectionViewController.swift */ = {isa = PBXFileReference; fileEncoding = 4; lastKnownFileType = sourcecode.swift; name = BrowseHostCollectionViewController.swift; path = ViewControllers/BrowseHostCollectionViewController.swift; sourceTree = "<group>"; };
		9CC2B8321EF065DA0049E269 /* BrowseHostCollectionViewCell.swift */ = {isa = PBXFileReference; fileEncoding = 4; lastKnownFileType = sourcecode.swift; name = BrowseHostCollectionViewCell.swift; path = Views/BrowseHostCollectionViewCell.swift; sourceTree = "<group>"; };
		9CC2B8341EF0890F0049E269 /* BrowseHostViewController.swift */ = {isa = PBXFileReference; fileEncoding = 4; lastKnownFileType = sourcecode.swift; name = BrowseHostViewController.swift; path = ViewControllers/BrowseHostViewController.swift; sourceTree = "<group>"; };
		9CC2B8391EF18A370049E269 /* HostViewController.swift */ = {isa = PBXFileReference; fileEncoding = 4; lastKnownFileType = sourcecode.swift; name = HostViewController.swift; path = ViewControllers/HostViewController.swift; sourceTree = "<group>"; };
		9CC2B83C1EF18CDE0049E269 /* Constants.swift */ = {isa = PBXFileReference; fileEncoding = 4; lastKnownFileType = sourcecode.swift; name = Constants.swift; path = Helpers/Constants.swift; sourceTree = "<group>"; };
		9CC2B8481EF784F10049E269 /* StartViewController.swift */ = {isa = PBXFileReference; fileEncoding = 4; lastKnownFileType = sourcecode.swift; name = StartViewController.swift; path = ViewControllers/StartViewController.swift; sourceTree = "<group>"; };
		9CC2B84A1EF8DEB00049E269 /* CreateHostViewController.swift */ = {isa = PBXFileReference; fileEncoding = 4; lastKnownFileType = sourcecode.swift; name = CreateHostViewController.swift; path = ViewControllers/CreateHostViewController.swift; sourceTree = "<group>"; };
		9CF38B911EFCD12900A736B0 /* UIView+Helpers.swift */ = {isa = PBXFileReference; fileEncoding = 4; lastKnownFileType = sourcecode.swift; name = "UIView+Helpers.swift"; path = "Helpers/UIView+Helpers.swift"; sourceTree = "<group>"; };
		9CF38B941F00736B00A736B0 /* Host.swift */ = {isa = PBXFileReference; fileEncoding = 4; lastKnownFileType = sourcecode.swift; name = Host.swift; path = Models/Host.swift; sourceTree = "<group>"; };
		9CF38B961F02F54C00A736B0 /* BluetoothPeripheralManager.swift */ = {isa = PBXFileReference; fileEncoding = 4; lastKnownFileType = sourcecode.swift; path = BluetoothPeripheralManager.swift; sourceTree = "<group>"; };
		9CF38B9A1F05AF4300A736B0 /* SuggestionCollectionViewController.swift */ = {isa = PBXFileReference; fileEncoding = 4; lastKnownFileType = sourcecode.swift; name = SuggestionCollectionViewController.swift; path = ViewControllers/SuggestionCollectionViewController.swift; sourceTree = "<group>"; };
		9CF38B9C1F05B47E00A736B0 /* UserCollectionViewController.swift */ = {isa = PBXFileReference; fileEncoding = 4; lastKnownFileType = sourcecode.swift; name = UserCollectionViewController.swift; path = ViewControllers/UserCollectionViewController.swift; sourceTree = "<group>"; };
		9CF38B9E1F06A70D00A736B0 /* User.swift */ = {isa = PBXFileReference; fileEncoding = 4; lastKnownFileType = sourcecode.swift; name = User.swift; path = Models/User.swift; sourceTree = "<group>"; };
		D5BE291040AD0F4BDFC778CA /* Pods-FindFoodFastTogetherTests.debug.xcconfig */ = {isa = PBXFileReference; includeInIndex = 1; lastKnownFileType = text.xcconfig; name = "Pods-FindFoodFastTogetherTests.debug.xcconfig"; path = "Pods/Target Support Files/Pods-FindFoodFastTogetherTests/Pods-FindFoodFastTogetherTests.debug.xcconfig"; sourceTree = "<group>"; };
/* End PBXFileReference section */

/* Begin PBXFrameworksBuildPhase section */
		9CC2B7FA1EEE407A0049E269 /* Frameworks */ = {
			isa = PBXFrameworksBuildPhase;
			buildActionMask = 2147483647;
			files = (
				6DDE0F95F2CCFA752E21E822 /* Pods_FindFoodFastTogether.framework in Frameworks */,
			);
			runOnlyForDeploymentPostprocessing = 0;
		};
		9CC2B80E1EEE407A0049E269 /* Frameworks */ = {
			isa = PBXFrameworksBuildPhase;
			buildActionMask = 2147483647;
			files = (
				FBF7B9FDB5FB439886AD711E /* Pods_FindFoodFastTogetherTests.framework in Frameworks */,
			);
			runOnlyForDeploymentPostprocessing = 0;
		};
		9CC2B8191EEE407A0049E269 /* Frameworks */ = {
			isa = PBXFrameworksBuildPhase;
			buildActionMask = 2147483647;
			files = (
				AEBD365121791492223A0DB7 /* Pods_FindFoodFastTogetherUITests.framework in Frameworks */,
			);
			runOnlyForDeploymentPostprocessing = 0;
		};
/* End PBXFrameworksBuildPhase section */

/* Begin PBXGroup section */
		28EBB904F7B731CA05C1FDB3 /* Frameworks */ = {
			isa = PBXGroup;
			children = (
				5A20B9BBA240F833C759749B /* Pods_FindFoodFastTogether.framework */,
				31729EDD80E643AFB6FAEF2C /* Pods_FindFoodFastTogetherTests.framework */,
				94A00FFB1968F0ED5309F8C8 /* Pods_FindFoodFastTogetherUITests.framework */,
			);
			name = Frameworks;
			sourceTree = "<group>";
		};
		3981A109BA37D2F425BA95E3 /* Pods */ = {
			isa = PBXGroup;
			children = (
				767810F573EF7D74B8F37EB7 /* Pods-FindFoodFastTogether.debug.xcconfig */,
				5A8B1D978F68B049796F0F12 /* Pods-FindFoodFastTogether.release.xcconfig */,
				D5BE291040AD0F4BDFC778CA /* Pods-FindFoodFastTogetherTests.debug.xcconfig */,
				9C8177201C3FA285B77819D3 /* Pods-FindFoodFastTogetherTests.release.xcconfig */,
				75D7B7D1DB6DCB8F8E1BFBCB /* Pods-FindFoodFastTogetherUITests.debug.xcconfig */,
				23949DB71DD9691B5C600D14 /* Pods-FindFoodFastTogetherUITests.release.xcconfig */,
			);
			name = Pods;
			sourceTree = "<group>";
		};
		9CC2B7F41EEE407A0049E269 = {
			isa = PBXGroup;
			children = (
				9CC2B7FF1EEE407A0049E269 /* FindFoodFastTogether */,
				9CC2B8141EEE407A0049E269 /* FindFoodFastTogetherTests */,
				9CC2B81F1EEE407A0049E269 /* FindFoodFastTogetherUITests */,
				9CC2B7FE1EEE407A0049E269 /* Products */,
				3981A109BA37D2F425BA95E3 /* Pods */,
				28EBB904F7B731CA05C1FDB3 /* Frameworks */,
			);
			sourceTree = "<group>";
		};
		9CC2B7FE1EEE407A0049E269 /* Products */ = {
			isa = PBXGroup;
			children = (
				9CC2B7FD1EEE407A0049E269 /* FindFoodFastTogether.app */,
				9CC2B8111EEE407A0049E269 /* FindFoodFastTogetherTests.xctest */,
				9CC2B81C1EEE407A0049E269 /* FindFoodFastTogetherUITests.xctest */,
			);
			name = Products;
			sourceTree = "<group>";
		};
		9CC2B7FF1EEE407A0049E269 /* FindFoodFastTogether */ = {
			isa = PBXGroup;
			children = (
				9CC2B83B1EF18CC60049E269 /* Helpers */,
				9CC2B8361EF0D7010049E269 /* Managers */,
				9CC2B8311EF065C70049E269 /* Views */,
				9CF38B931F00734900A736B0 /* Models */,
				9CC2B82E1EF064570049E269 /* ViewControllers */,
				9CC2B8001EEE407A0049E269 /* AppDelegate.swift */,
				9CC2B8021EEE407A0049E269 /* ViewController.swift */,
				9CC2B8041EEE407A0049E269 /* Main.storyboard */,
				9CC2B8071EEE407A0049E269 /* Assets.xcassets */,
				9CC2B8091EEE407A0049E269 /* LaunchScreen.storyboard */,
				9CC2B80C1EEE407A0049E269 /* Info.plist */,
			);
			path = FindFoodFastTogether;
			sourceTree = "<group>";
		};
		9CC2B8141EEE407A0049E269 /* FindFoodFastTogetherTests */ = {
			isa = PBXGroup;
			children = (
				9CC2B8151EEE407A0049E269 /* FindFoodFastTogetherTests.swift */,
				9CC2B8171EEE407A0049E269 /* Info.plist */,
			);
			path = FindFoodFastTogetherTests;
			sourceTree = "<group>";
		};
		9CC2B81F1EEE407A0049E269 /* FindFoodFastTogetherUITests */ = {
			isa = PBXGroup;
			children = (
				9CC2B8201EEE407A0049E269 /* FindFoodFastTogetherUITests.swift */,
				9CC2B8221EEE407A0049E269 /* Info.plist */,
			);
			path = FindFoodFastTogetherUITests;
			sourceTree = "<group>";
		};
		9CC2B82E1EF064570049E269 /* ViewControllers */ = {
			isa = PBXGroup;
			children = (
				9CC2B8481EF784F10049E269 /* StartViewController.swift */,
				9CC2B82F1EF064A90049E269 /* BrowseHostCollectionViewController.swift */,
				9CC2B8341EF0890F0049E269 /* BrowseHostViewController.swift */,
				9CC2B84A1EF8DEB00049E269 /* CreateHostViewController.swift */,
				9CC2B8391EF18A370049E269 /* HostViewController.swift */,
				9CF38B9A1F05AF4300A736B0 /* SuggestionCollectionViewController.swift */,
				9CF38B9C1F05B47E00A736B0 /* UserCollectionViewController.swift */,
				9C7ACD9B1F106F990086157E /* AddSuggestionViewController.swift */,
				9C3A25A31F1698E100B329A3 /* VoteViewController.swift */,
			);
			name = ViewControllers;
			sourceTree = "<group>";
		};
		9CC2B8311EF065C70049E269 /* Views */ = {
			isa = PBXGroup;
			children = (
				9CC2B8321EF065DA0049E269 /* BrowseHostCollectionViewCell.swift */,
				9C7ACD991F104E260086157E /* SuggestionCollectionViewCell.swift */,
				9CA76E5C1F1E778300208BB3 /* VoteCollectionViewCell.swift */,
			);
			name = Views;
			sourceTree = "<group>";
		};
		9CC2B8361EF0D7010049E269 /* Managers */ = {
			isa = PBXGroup;
			children = (
				9CB181011EFAC7A40085517A /* BluetoothCentralManager.swift */,
				9CF38B961F02F54C00A736B0 /* BluetoothPeripheralManager.swift */,
			);
			name = Managers;
			sourceTree = "<group>";
		};
		9CC2B83B1EF18CC60049E269 /* Helpers */ = {
			isa = PBXGroup;
			children = (
				9CC2B83C1EF18CDE0049E269 /* Constants.swift */,
				9CF38B911EFCD12900A736B0 /* UIView+Helpers.swift */,
			);
			name = Helpers;
			sourceTree = "<group>";
		};
		9CF38B931F00734900A736B0 /* Models */ = {
			isa = PBXGroup;
			children = (
				9CF38B941F00736B00A736B0 /* Host.swift */,
				9CF38B9E1F06A70D00A736B0 /* User.swift */,
				9C7ACD971F104C940086157E /* Suggestion.swift */,
			);
			name = Models;
			sourceTree = "<group>";
		};
/* End PBXGroup section */

/* Begin PBXNativeTarget section */
		9CC2B7FC1EEE407A0049E269 /* FindFoodFastTogether */ = {
			isa = PBXNativeTarget;
			buildConfigurationList = 9CC2B8251EEE407A0049E269 /* Build configuration list for PBXNativeTarget "FindFoodFastTogether" */;
			buildPhases = (
				9F17BB2C4696DD78B663835F /* [CP] Check Pods Manifest.lock */,
				9CC2B7F91EEE407A0049E269 /* Sources */,
				9CC2B7FA1EEE407A0049E269 /* Frameworks */,
				9CC2B7FB1EEE407A0049E269 /* Resources */,
				09B710BC16BBC7F832ABD298 /* [CP] Embed Pods Frameworks */,
				D81CF34B2F8BB300BDFF5A40 /* [CP] Copy Pods Resources */,
			);
			buildRules = (
			);
			dependencies = (
			);
			name = FindFoodFastTogether;
			productName = FindFoodFastTogether;
			productReference = 9CC2B7FD1EEE407A0049E269 /* FindFoodFastTogether.app */;
			productType = "com.apple.product-type.application";
		};
		9CC2B8101EEE407A0049E269 /* FindFoodFastTogetherTests */ = {
			isa = PBXNativeTarget;
			buildConfigurationList = 9CC2B8281EEE407A0049E269 /* Build configuration list for PBXNativeTarget "FindFoodFastTogetherTests" */;
			buildPhases = (
				2BD3790F91B79E7B20389113 /* [CP] Check Pods Manifest.lock */,
				9CC2B80D1EEE407A0049E269 /* Sources */,
				9CC2B80E1EEE407A0049E269 /* Frameworks */,
				9CC2B80F1EEE407A0049E269 /* Resources */,
				D76D7F5FB2239F443840A252 /* [CP] Embed Pods Frameworks */,
				22A57D00C4552CDDDF0AB718 /* [CP] Copy Pods Resources */,
			);
			buildRules = (
			);
			dependencies = (
				9CC2B8131EEE407A0049E269 /* PBXTargetDependency */,
			);
			name = FindFoodFastTogetherTests;
			productName = FindFoodFastTogetherTests;
			productReference = 9CC2B8111EEE407A0049E269 /* FindFoodFastTogetherTests.xctest */;
			productType = "com.apple.product-type.bundle.unit-test";
		};
		9CC2B81B1EEE407A0049E269 /* FindFoodFastTogetherUITests */ = {
			isa = PBXNativeTarget;
			buildConfigurationList = 9CC2B82B1EEE407A0049E269 /* Build configuration list for PBXNativeTarget "FindFoodFastTogetherUITests" */;
			buildPhases = (
				9F65BB7CE5A8C7A11D776A2D /* [CP] Check Pods Manifest.lock */,
				9CC2B8181EEE407A0049E269 /* Sources */,
				9CC2B8191EEE407A0049E269 /* Frameworks */,
				9CC2B81A1EEE407A0049E269 /* Resources */,
				746DBA49B1361C59BBE63633 /* [CP] Embed Pods Frameworks */,
				957E40EB9AC09249D1B5F856 /* [CP] Copy Pods Resources */,
			);
			buildRules = (
			);
			dependencies = (
				9CC2B81E1EEE407A0049E269 /* PBXTargetDependency */,
			);
			name = FindFoodFastTogetherUITests;
			productName = FindFoodFastTogetherUITests;
			productReference = 9CC2B81C1EEE407A0049E269 /* FindFoodFastTogetherUITests.xctest */;
			productType = "com.apple.product-type.bundle.ui-testing";
		};
/* End PBXNativeTarget section */

/* Begin PBXProject section */
		9CC2B7F51EEE407A0049E269 /* Project object */ = {
			isa = PBXProject;
			attributes = {
				LastSwiftUpdateCheck = 0830;
				LastUpgradeCheck = 0830;
				ORGANIZATIONNAME = "Raymond Kam";
				TargetAttributes = {
					9CC2B7FC1EEE407A0049E269 = {
						CreatedOnToolsVersion = 8.3.3;
						DevelopmentTeam = PQZB23WMA7;
						ProvisioningStyle = Automatic;
						SystemCapabilities = {
							com.apple.BackgroundModes = {
								enabled = 1;
							};
						};
					};
					9CC2B8101EEE407A0049E269 = {
						CreatedOnToolsVersion = 8.3.3;
						DevelopmentTeam = NT8RKCPT5K;
						ProvisioningStyle = Automatic;
						TestTargetID = 9CC2B7FC1EEE407A0049E269;
					};
					9CC2B81B1EEE407A0049E269 = {
						CreatedOnToolsVersion = 8.3.3;
						DevelopmentTeam = NT8RKCPT5K;
						ProvisioningStyle = Automatic;
						TestTargetID = 9CC2B7FC1EEE407A0049E269;
					};
				};
			};
			buildConfigurationList = 9CC2B7F81EEE407A0049E269 /* Build configuration list for PBXProject "FindFoodFastTogether" */;
			compatibilityVersion = "Xcode 3.2";
			developmentRegion = English;
			hasScannedForEncodings = 0;
			knownRegions = (
				en,
				Base,
			);
			mainGroup = 9CC2B7F41EEE407A0049E269;
			productRefGroup = 9CC2B7FE1EEE407A0049E269 /* Products */;
			projectDirPath = "";
			projectRoot = "";
			targets = (
				9CC2B7FC1EEE407A0049E269 /* FindFoodFastTogether */,
				9CC2B8101EEE407A0049E269 /* FindFoodFastTogetherTests */,
				9CC2B81B1EEE407A0049E269 /* FindFoodFastTogetherUITests */,
			);
		};
/* End PBXProject section */

/* Begin PBXResourcesBuildPhase section */
		9CC2B7FB1EEE407A0049E269 /* Resources */ = {
			isa = PBXResourcesBuildPhase;
			buildActionMask = 2147483647;
			files = (
				9CC2B80B1EEE407A0049E269 /* LaunchScreen.storyboard in Resources */,
				9CC2B8081EEE407A0049E269 /* Assets.xcassets in Resources */,
				9CC2B8061EEE407A0049E269 /* Main.storyboard in Resources */,
			);
			runOnlyForDeploymentPostprocessing = 0;
		};
		9CC2B80F1EEE407A0049E269 /* Resources */ = {
			isa = PBXResourcesBuildPhase;
			buildActionMask = 2147483647;
			files = (
			);
			runOnlyForDeploymentPostprocessing = 0;
		};
		9CC2B81A1EEE407A0049E269 /* Resources */ = {
			isa = PBXResourcesBuildPhase;
			buildActionMask = 2147483647;
			files = (
			);
			runOnlyForDeploymentPostprocessing = 0;
		};
/* End PBXResourcesBuildPhase section */

/* Begin PBXShellScriptBuildPhase section */
		09B710BC16BBC7F832ABD298 /* [CP] Embed Pods Frameworks */ = {
			isa = PBXShellScriptBuildPhase;
			buildActionMask = 2147483647;
			files = (
			);
			inputPaths = (
			);
			name = "[CP] Embed Pods Frameworks";
			outputPaths = (
			);
			runOnlyForDeploymentPostprocessing = 0;
			shellPath = /bin/sh;
			shellScript = "\"${SRCROOT}/Pods/Target Support Files/Pods-FindFoodFastTogether/Pods-FindFoodFastTogether-frameworks.sh\"\n";
			showEnvVarsInLog = 0;
		};
		22A57D00C4552CDDDF0AB718 /* [CP] Copy Pods Resources */ = {
			isa = PBXShellScriptBuildPhase;
			buildActionMask = 2147483647;
			files = (
			);
			inputPaths = (
			);
			name = "[CP] Copy Pods Resources";
			outputPaths = (
			);
			runOnlyForDeploymentPostprocessing = 0;
			shellPath = /bin/sh;
			shellScript = "\"${SRCROOT}/Pods/Target Support Files/Pods-FindFoodFastTogetherTests/Pods-FindFoodFastTogetherTests-resources.sh\"\n";
			showEnvVarsInLog = 0;
		};
		2BD3790F91B79E7B20389113 /* [CP] Check Pods Manifest.lock */ = {
			isa = PBXShellScriptBuildPhase;
			buildActionMask = 2147483647;
			files = (
			);
			inputPaths = (
			);
			name = "[CP] Check Pods Manifest.lock";
			outputPaths = (
			);
			runOnlyForDeploymentPostprocessing = 0;
			shellPath = /bin/sh;
			shellScript = "diff \"${PODS_PODFILE_DIR_PATH}/Podfile.lock\" \"${PODS_ROOT}/Manifest.lock\" > /dev/null\nif [ $? != 0 ] ; then\n    # print error to STDERR\n    echo \"error: The sandbox is not in sync with the Podfile.lock. Run 'pod install' or update your CocoaPods installation.\" >&2\n    exit 1\nfi\n";
			showEnvVarsInLog = 0;
		};
		746DBA49B1361C59BBE63633 /* [CP] Embed Pods Frameworks */ = {
			isa = PBXShellScriptBuildPhase;
			buildActionMask = 2147483647;
			files = (
			);
			inputPaths = (
			);
			name = "[CP] Embed Pods Frameworks";
			outputPaths = (
			);
			runOnlyForDeploymentPostprocessing = 0;
			shellPath = /bin/sh;
			shellScript = "\"${SRCROOT}/Pods/Target Support Files/Pods-FindFoodFastTogetherUITests/Pods-FindFoodFastTogetherUITests-frameworks.sh\"\n";
			showEnvVarsInLog = 0;
		};
		957E40EB9AC09249D1B5F856 /* [CP] Copy Pods Resources */ = {
			isa = PBXShellScriptBuildPhase;
			buildActionMask = 2147483647;
			files = (
			);
			inputPaths = (
			);
			name = "[CP] Copy Pods Resources";
			outputPaths = (
			);
			runOnlyForDeploymentPostprocessing = 0;
			shellPath = /bin/sh;
			shellScript = "\"${SRCROOT}/Pods/Target Support Files/Pods-FindFoodFastTogetherUITests/Pods-FindFoodFastTogetherUITests-resources.sh\"\n";
			showEnvVarsInLog = 0;
		};
		9F17BB2C4696DD78B663835F /* [CP] Check Pods Manifest.lock */ = {
			isa = PBXShellScriptBuildPhase;
			buildActionMask = 2147483647;
			files = (
			);
			inputPaths = (
			);
			name = "[CP] Check Pods Manifest.lock";
			outputPaths = (
			);
			runOnlyForDeploymentPostprocessing = 0;
			shellPath = /bin/sh;
			shellScript = "diff \"${PODS_PODFILE_DIR_PATH}/Podfile.lock\" \"${PODS_ROOT}/Manifest.lock\" > /dev/null\nif [ $? != 0 ] ; then\n    # print error to STDERR\n    echo \"error: The sandbox is not in sync with the Podfile.lock. Run 'pod install' or update your CocoaPods installation.\" >&2\n    exit 1\nfi\n";
			showEnvVarsInLog = 0;
		};
		9F65BB7CE5A8C7A11D776A2D /* [CP] Check Pods Manifest.lock */ = {
			isa = PBXShellScriptBuildPhase;
			buildActionMask = 2147483647;
			files = (
			);
			inputPaths = (
			);
			name = "[CP] Check Pods Manifest.lock";
			outputPaths = (
			);
			runOnlyForDeploymentPostprocessing = 0;
			shellPath = /bin/sh;
			shellScript = "diff \"${PODS_PODFILE_DIR_PATH}/Podfile.lock\" \"${PODS_ROOT}/Manifest.lock\" > /dev/null\nif [ $? != 0 ] ; then\n    # print error to STDERR\n    echo \"error: The sandbox is not in sync with the Podfile.lock. Run 'pod install' or update your CocoaPods installation.\" >&2\n    exit 1\nfi\n";
			showEnvVarsInLog = 0;
		};
		D76D7F5FB2239F443840A252 /* [CP] Embed Pods Frameworks */ = {
			isa = PBXShellScriptBuildPhase;
			buildActionMask = 2147483647;
			files = (
			);
			inputPaths = (
			);
			name = "[CP] Embed Pods Frameworks";
			outputPaths = (
			);
			runOnlyForDeploymentPostprocessing = 0;
			shellPath = /bin/sh;
			shellScript = "\"${SRCROOT}/Pods/Target Support Files/Pods-FindFoodFastTogetherTests/Pods-FindFoodFastTogetherTests-frameworks.sh\"\n";
			showEnvVarsInLog = 0;
		};
		D81CF34B2F8BB300BDFF5A40 /* [CP] Copy Pods Resources */ = {
			isa = PBXShellScriptBuildPhase;
			buildActionMask = 2147483647;
			files = (
			);
			inputPaths = (
			);
			name = "[CP] Copy Pods Resources";
			outputPaths = (
			);
			runOnlyForDeploymentPostprocessing = 0;
			shellPath = /bin/sh;
			shellScript = "\"${SRCROOT}/Pods/Target Support Files/Pods-FindFoodFastTogether/Pods-FindFoodFastTogether-resources.sh\"\n";
			showEnvVarsInLog = 0;
		};
/* End PBXShellScriptBuildPhase section */

/* Begin PBXSourcesBuildPhase section */
		9CC2B7F91EEE407A0049E269 /* Sources */ = {
			isa = PBXSourcesBuildPhase;
			buildActionMask = 2147483647;
			files = (
				9CF38B971F02F54C00A736B0 /* BluetoothPeripheralManager.swift in Sources */,
				9CC2B8331EF065DA0049E269 /* BrowseHostCollectionViewCell.swift in Sources */,
				9CF38B9B1F05AF4300A736B0 /* SuggestionCollectionViewController.swift in Sources */,
				9CC2B83A1EF18A370049E269 /* HostViewController.swift in Sources */,
				9CF38B9F1F06A70D00A736B0 /* User.swift in Sources */,
				9CC2B84B1EF8DEB00049E269 /* CreateHostViewController.swift in Sources */,
				9CF38B951F00736B00A736B0 /* Host.swift in Sources */,
				9CC2B8351EF0890F0049E269 /* BrowseHostViewController.swift in Sources */,
				9CC2B8031EEE407A0049E269 /* ViewController.swift in Sources */,
				9CC2B8491EF784F10049E269 /* StartViewController.swift in Sources */,
				9CF38B921EFCD12900A736B0 /* UIView+Helpers.swift in Sources */,
				9CB181021EFAC7A40085517A /* BluetoothCentralManager.swift in Sources */,
				9CA76E5D1F1E778300208BB3 /* VoteCollectionViewCell.swift in Sources */,
				9C3A25A41F1698E100B329A3 /* VoteViewController.swift in Sources */,
				9CF38B9D1F05B47E00A736B0 /* UserCollectionViewController.swift in Sources */,
				9CC2B8011EEE407A0049E269 /* AppDelegate.swift in Sources */,
				9C7ACD9A1F104E260086157E /* SuggestionCollectionViewCell.swift in Sources */,
				9C7ACD981F104C940086157E /* Suggestion.swift in Sources */,
				9C7ACD9C1F106F990086157E /* AddSuggestionViewController.swift in Sources */,
				9CC2B8301EF064A90049E269 /* BrowseHostCollectionViewController.swift in Sources */,
				9CC2B83D1EF18CDE0049E269 /* Constants.swift in Sources */,
			);
			runOnlyForDeploymentPostprocessing = 0;
		};
		9CC2B80D1EEE407A0049E269 /* Sources */ = {
			isa = PBXSourcesBuildPhase;
			buildActionMask = 2147483647;
			files = (
				9CC2B8161EEE407A0049E269 /* FindFoodFastTogetherTests.swift in Sources */,
			);
			runOnlyForDeploymentPostprocessing = 0;
		};
		9CC2B8181EEE407A0049E269 /* Sources */ = {
			isa = PBXSourcesBuildPhase;
			buildActionMask = 2147483647;
			files = (
				9CC2B8211EEE407A0049E269 /* FindFoodFastTogetherUITests.swift in Sources */,
			);
			runOnlyForDeploymentPostprocessing = 0;
		};
/* End PBXSourcesBuildPhase section */

/* Begin PBXTargetDependency section */
		9CC2B8131EEE407A0049E269 /* PBXTargetDependency */ = {
			isa = PBXTargetDependency;
			target = 9CC2B7FC1EEE407A0049E269 /* FindFoodFastTogether */;
			targetProxy = 9CC2B8121EEE407A0049E269 /* PBXContainerItemProxy */;
		};
		9CC2B81E1EEE407A0049E269 /* PBXTargetDependency */ = {
			isa = PBXTargetDependency;
			target = 9CC2B7FC1EEE407A0049E269 /* FindFoodFastTogether */;
			targetProxy = 9CC2B81D1EEE407A0049E269 /* PBXContainerItemProxy */;
		};
/* End PBXTargetDependency section */

/* Begin PBXVariantGroup section */
		9CC2B8041EEE407A0049E269 /* Main.storyboard */ = {
			isa = PBXVariantGroup;
			children = (
				9CC2B8051EEE407A0049E269 /* Base */,
			);
			name = Main.storyboard;
			sourceTree = "<group>";
		};
		9CC2B8091EEE407A0049E269 /* LaunchScreen.storyboard */ = {
			isa = PBXVariantGroup;
			children = (
				9CC2B80A1EEE407A0049E269 /* Base */,
			);
			name = LaunchScreen.storyboard;
			sourceTree = "<group>";
		};
/* End PBXVariantGroup section */

/* Begin XCBuildConfiguration section */
		9CC2B8231EEE407A0049E269 /* Debug */ = {
			isa = XCBuildConfiguration;
			buildSettings = {
				ALWAYS_SEARCH_USER_PATHS = NO;
				CLANG_ANALYZER_NONNULL = YES;
				CLANG_ANALYZER_NUMBER_OBJECT_CONVERSION = YES_AGGRESSIVE;
				CLANG_CXX_LANGUAGE_STANDARD = "gnu++0x";
				CLANG_CXX_LIBRARY = "libc++";
				CLANG_ENABLE_MODULES = YES;
				CLANG_ENABLE_OBJC_ARC = YES;
				CLANG_WARN_BOOL_CONVERSION = YES;
				CLANG_WARN_CONSTANT_CONVERSION = YES;
				CLANG_WARN_DIRECT_OBJC_ISA_USAGE = YES_ERROR;
				CLANG_WARN_DOCUMENTATION_COMMENTS = YES;
				CLANG_WARN_EMPTY_BODY = YES;
				CLANG_WARN_ENUM_CONVERSION = YES;
				CLANG_WARN_INFINITE_RECURSION = YES;
				CLANG_WARN_INT_CONVERSION = YES;
				CLANG_WARN_OBJC_ROOT_CLASS = YES_ERROR;
				CLANG_WARN_SUSPICIOUS_MOVE = YES;
				CLANG_WARN_UNREACHABLE_CODE = YES;
				CLANG_WARN__DUPLICATE_METHOD_MATCH = YES;
				"CODE_SIGN_IDENTITY[sdk=iphoneos*]" = "iPhone Developer";
				COPY_PHASE_STRIP = NO;
				DEBUG_INFORMATION_FORMAT = dwarf;
				ENABLE_STRICT_OBJC_MSGSEND = YES;
				ENABLE_TESTABILITY = YES;
				GCC_C_LANGUAGE_STANDARD = gnu99;
				GCC_DYNAMIC_NO_PIC = NO;
				GCC_NO_COMMON_BLOCKS = YES;
				GCC_OPTIMIZATION_LEVEL = 0;
				GCC_PREPROCESSOR_DEFINITIONS = (
					"DEBUG=1",
					"$(inherited)",
				);
				GCC_WARN_64_TO_32_BIT_CONVERSION = YES;
				GCC_WARN_ABOUT_RETURN_TYPE = YES_ERROR;
				GCC_WARN_UNDECLARED_SELECTOR = YES;
				GCC_WARN_UNINITIALIZED_AUTOS = YES_AGGRESSIVE;
				GCC_WARN_UNUSED_FUNCTION = YES;
				GCC_WARN_UNUSED_VARIABLE = YES;
				IPHONEOS_DEPLOYMENT_TARGET = 10.3;
				MTL_ENABLE_DEBUG_INFO = YES;
				ONLY_ACTIVE_ARCH = YES;
				SDKROOT = iphoneos;
				SWIFT_ACTIVE_COMPILATION_CONDITIONS = DEBUG;
				SWIFT_OPTIMIZATION_LEVEL = "-Onone";
				TARGETED_DEVICE_FAMILY = "1,2";
			};
			name = Debug;
		};
		9CC2B8241EEE407A0049E269 /* Release */ = {
			isa = XCBuildConfiguration;
			buildSettings = {
				ALWAYS_SEARCH_USER_PATHS = NO;
				CLANG_ANALYZER_NONNULL = YES;
				CLANG_ANALYZER_NUMBER_OBJECT_CONVERSION = YES_AGGRESSIVE;
				CLANG_CXX_LANGUAGE_STANDARD = "gnu++0x";
				CLANG_CXX_LIBRARY = "libc++";
				CLANG_ENABLE_MODULES = YES;
				CLANG_ENABLE_OBJC_ARC = YES;
				CLANG_WARN_BOOL_CONVERSION = YES;
				CLANG_WARN_CONSTANT_CONVERSION = YES;
				CLANG_WARN_DIRECT_OBJC_ISA_USAGE = YES_ERROR;
				CLANG_WARN_DOCUMENTATION_COMMENTS = YES;
				CLANG_WARN_EMPTY_BODY = YES;
				CLANG_WARN_ENUM_CONVERSION = YES;
				CLANG_WARN_INFINITE_RECURSION = YES;
				CLANG_WARN_INT_CONVERSION = YES;
				CLANG_WARN_OBJC_ROOT_CLASS = YES_ERROR;
				CLANG_WARN_SUSPICIOUS_MOVE = YES;
				CLANG_WARN_UNREACHABLE_CODE = YES;
				CLANG_WARN__DUPLICATE_METHOD_MATCH = YES;
				"CODE_SIGN_IDENTITY[sdk=iphoneos*]" = "iPhone Developer";
				COPY_PHASE_STRIP = NO;
				DEBUG_INFORMATION_FORMAT = "dwarf-with-dsym";
				ENABLE_NS_ASSERTIONS = NO;
				ENABLE_STRICT_OBJC_MSGSEND = YES;
				GCC_C_LANGUAGE_STANDARD = gnu99;
				GCC_NO_COMMON_BLOCKS = YES;
				GCC_WARN_64_TO_32_BIT_CONVERSION = YES;
				GCC_WARN_ABOUT_RETURN_TYPE = YES_ERROR;
				GCC_WARN_UNDECLARED_SELECTOR = YES;
				GCC_WARN_UNINITIALIZED_AUTOS = YES_AGGRESSIVE;
				GCC_WARN_UNUSED_FUNCTION = YES;
				GCC_WARN_UNUSED_VARIABLE = YES;
				IPHONEOS_DEPLOYMENT_TARGET = 10.3;
				MTL_ENABLE_DEBUG_INFO = NO;
				SDKROOT = iphoneos;
				SWIFT_OPTIMIZATION_LEVEL = "-Owholemodule";
				TARGETED_DEVICE_FAMILY = "1,2";
				VALIDATE_PRODUCT = YES;
			};
			name = Release;
		};
		9CC2B8261EEE407A0049E269 /* Debug */ = {
			isa = XCBuildConfiguration;
			baseConfigurationReference = 767810F573EF7D74B8F37EB7 /* Pods-FindFoodFastTogether.debug.xcconfig */;
			buildSettings = {
				ASSETCATALOG_COMPILER_APPICON_NAME = AppIcon;
				DEVELOPMENT_TEAM = PQZB23WMA7;
				INFOPLIST_FILE = FindFoodFastTogether/Info.plist;
				IPHONEOS_DEPLOYMENT_TARGET = 10.2;
				LD_RUNPATH_SEARCH_PATHS = "$(inherited) @executable_path/Frameworks";
				PRODUCT_BUNDLE_IDENTIFIER = com.raymondkam.FindFoodFastTogether;
				PRODUCT_NAME = "$(TARGET_NAME)";
				SWIFT_VERSION = 3.0;
			};
			name = Debug;
		};
		9CC2B8271EEE407A0049E269 /* Release */ = {
			isa = XCBuildConfiguration;
			baseConfigurationReference = 5A8B1D978F68B049796F0F12 /* Pods-FindFoodFastTogether.release.xcconfig */;
			buildSettings = {
				ASSETCATALOG_COMPILER_APPICON_NAME = AppIcon;
				DEVELOPMENT_TEAM = PQZB23WMA7;
				INFOPLIST_FILE = FindFoodFastTogether/Info.plist;
				IPHONEOS_DEPLOYMENT_TARGET = 10.2;
				LD_RUNPATH_SEARCH_PATHS = "$(inherited) @executable_path/Frameworks";
				PRODUCT_BUNDLE_IDENTIFIER = com.raymondkam.FindFoodFastTogether;
				PRODUCT_NAME = "$(TARGET_NAME)";
				SWIFT_VERSION = 3.0;
			};
			name = Release;
		};
		9CC2B8291EEE407A0049E269 /* Debug */ = {
			isa = XCBuildConfiguration;
			baseConfigurationReference = D5BE291040AD0F4BDFC778CA /* Pods-FindFoodFastTogetherTests.debug.xcconfig */;
			buildSettings = {
				ALWAYS_EMBED_SWIFT_STANDARD_LIBRARIES = YES;
				BUNDLE_LOADER = "$(TEST_HOST)";
				DEVELOPMENT_TEAM = NT8RKCPT5K;
				INFOPLIST_FILE = FindFoodFastTogetherTests/Info.plist;
				LD_RUNPATH_SEARCH_PATHS = "$(inherited) @executable_path/Frameworks @loader_path/Frameworks";
				PRODUCT_BUNDLE_IDENTIFIER = com.raymondkam.FindFoodFastTogetherTests;
				PRODUCT_NAME = "$(TARGET_NAME)";
				SWIFT_VERSION = 3.0;
				TEST_HOST = "$(BUILT_PRODUCTS_DIR)/FindFoodFastTogether.app/FindFoodFastTogether";
			};
			name = Debug;
		};
		9CC2B82A1EEE407A0049E269 /* Release */ = {
			isa = XCBuildConfiguration;
			baseConfigurationReference = 9C8177201C3FA285B77819D3 /* Pods-FindFoodFastTogetherTests.release.xcconfig */;
			buildSettings = {
				ALWAYS_EMBED_SWIFT_STANDARD_LIBRARIES = YES;
				BUNDLE_LOADER = "$(TEST_HOST)";
				DEVELOPMENT_TEAM = NT8RKCPT5K;
				INFOPLIST_FILE = FindFoodFastTogetherTests/Info.plist;
				LD_RUNPATH_SEARCH_PATHS = "$(inherited) @executable_path/Frameworks @loader_path/Frameworks";
				PRODUCT_BUNDLE_IDENTIFIER = com.raymondkam.FindFoodFastTogetherTests;
				PRODUCT_NAME = "$(TARGET_NAME)";
				SWIFT_VERSION = 3.0;
				TEST_HOST = "$(BUILT_PRODUCTS_DIR)/FindFoodFastTogether.app/FindFoodFastTogether";
			};
			name = Release;
		};
		9CC2B82C1EEE407A0049E269 /* Debug */ = {
			isa = XCBuildConfiguration;
			baseConfigurationReference = 75D7B7D1DB6DCB8F8E1BFBCB /* Pods-FindFoodFastTogetherUITests.debug.xcconfig */;
			buildSettings = {
				ALWAYS_EMBED_SWIFT_STANDARD_LIBRARIES = YES;
				DEVELOPMENT_TEAM = NT8RKCPT5K;
				INFOPLIST_FILE = FindFoodFastTogetherUITests/Info.plist;
				LD_RUNPATH_SEARCH_PATHS = "$(inherited) @executable_path/Frameworks @loader_path/Frameworks";
				PRODUCT_BUNDLE_IDENTIFIER = com.raymondkam.FindFoodFastTogetherUITests;
				PRODUCT_NAME = "$(TARGET_NAME)";
				SWIFT_VERSION = 3.0;
				TEST_TARGET_NAME = FindFoodFastTogether;
			};
			name = Debug;
		};
		9CC2B82D1EEE407A0049E269 /* Release */ = {
			isa = XCBuildConfiguration;
			baseConfigurationReference = 23949DB71DD9691B5C600D14 /* Pods-FindFoodFastTogetherUITests.release.xcconfig */;
			buildSettings = {
				ALWAYS_EMBED_SWIFT_STANDARD_LIBRARIES = YES;
				DEVELOPMENT_TEAM = NT8RKCPT5K;
				INFOPLIST_FILE = FindFoodFastTogetherUITests/Info.plist;
				LD_RUNPATH_SEARCH_PATHS = "$(inherited) @executable_path/Frameworks @loader_path/Frameworks";
				PRODUCT_BUNDLE_IDENTIFIER = com.raymondkam.FindFoodFastTogetherUITests;
				PRODUCT_NAME = "$(TARGET_NAME)";
				SWIFT_VERSION = 3.0;
				TEST_TARGET_NAME = FindFoodFastTogether;
			};
			name = Release;
		};
/* End XCBuildConfiguration section */

/* Begin XCConfigurationList section */
		9CC2B7F81EEE407A0049E269 /* Build configuration list for PBXProject "FindFoodFastTogether" */ = {
			isa = XCConfigurationList;
			buildConfigurations = (
				9CC2B8231EEE407A0049E269 /* Debug */,
				9CC2B8241EEE407A0049E269 /* Release */,
			);
			defaultConfigurationIsVisible = 0;
			defaultConfigurationName = Release;
		};
		9CC2B8251EEE407A0049E269 /* Build configuration list for PBXNativeTarget "FindFoodFastTogether" */ = {
			isa = XCConfigurationList;
			buildConfigurations = (
				9CC2B8261EEE407A0049E269 /* Debug */,
				9CC2B8271EEE407A0049E269 /* Release */,
			);
			defaultConfigurationIsVisible = 0;
			defaultConfigurationName = Release;
		};
		9CC2B8281EEE407A0049E269 /* Build configuration list for PBXNativeTarget "FindFoodFastTogetherTests" */ = {
			isa = XCConfigurationList;
			buildConfigurations = (
				9CC2B8291EEE407A0049E269 /* Debug */,
				9CC2B82A1EEE407A0049E269 /* Release */,
			);
			defaultConfigurationIsVisible = 0;
			defaultConfigurationName = Release;
		};
		9CC2B82B1EEE407A0049E269 /* Build configuration list for PBXNativeTarget "FindFoodFastTogetherUITests" */ = {
			isa = XCConfigurationList;
			buildConfigurations = (
				9CC2B82C1EEE407A0049E269 /* Debug */,
				9CC2B82D1EEE407A0049E269 /* Release */,
			);
			defaultConfigurationIsVisible = 0;
			defaultConfigurationName = Release;
		};
/* End XCConfigurationList section */
	};
	rootObject = 9CC2B7F51EEE407A0049E269 /* Project object */;
}
